<Solution>
  <Project Path="Nimbleloop.AiBusinessAnaylst.WebApp/Nimbleloop.AiBusinessAnaylst.WebApp.Client/Nimbleloop.AiBusinessAnaylst.WebApp.Client.csproj" />
  <Project Path="Nimbleloop.AiBusinessAnaylst.WebApp/Nimbleloop.AiBusinessAnaylst.WebApp/Nimbleloop.AiBusinessAnaylst.WebApp.csproj" />
</Solution>
